
Microsoft Visual Studio Solution File, Format Version 12.00
# Visual Studio Version 17
VisualStudioVersion = 17.13.35931.197 d17.13
MinimumVisualStudioVersion = 10.0.40219.1
Project("{888888A0-9F3D-457C-B088-3A5042F75D52}") = "DV_kabelbaanrace_2", "DV_kabelbaanrace_2\DV_kabelbaanrace_2.pyproj", "{C1A03A40-C9D9-4327-82A7-EFC0A50FD769}"
EndProject
Global
	GlobalSection(SolutionConfigurationPlatforms) = preSolution
		Debug|Any CPU = Debug|Any CPU
		Release|Any CPU = Release|Any CPU
	EndGlobalSection
	GlobalSection(ProjectConfigurationPlatforms) = postSolution
		{C1A03A40-C9D9-4327-82A7-EFC0A50FD769}.Debug|Any CPU.ActiveCfg = Debug|Any CPU
		{C1A03A40-C9D9-4327-82A7-EFC0A50FD769}.Release|Any CPU.ActiveCfg = Release|Any CPU
	EndGlobalSection
	GlobalSection(SolutionProperties) = preSolution
		HideSolutionNode = FALSE
	EndGlobalSection
	GlobalSection(ExtensibilityGlobals) = postSolution
		SolutionGuid = {374A0BA9-65D4-4389-952D-AF4383CFD566}
	EndGlobalSection
EndGlobal
